// !$*UTF8*$!
{
	archiveVersion = 1;
	classes = {
	};
	objectVersion = 46;
	objects = {

/* Begin PBXBuildFile section */
		FD91C4061C1EDBAA00971FD8 /* AppDelegate.swift in Sources */ = {isa = PBXBuildFile; fileRef = FD91C4051C1EDBAA00971FD8 /* AppDelegate.swift */; };
		FD91C4081C1EDBAA00971FD8 /* ViewController.swift in Sources */ = {isa = PBXBuildFile; fileRef = FD91C4071C1EDBAA00971FD8 /* ViewController.swift */; };
		FD91C40B1C1EDBAA00971FD8 /* Main.storyboard in Resources */ = {isa = PBXBuildFile; fileRef = FD91C4091C1EDBAA00971FD8 /* Main.storyboard */; };
		FD91C40D1C1EDBAA00971FD8 /* Assets.xcassets in Resources */ = {isa = PBXBuildFile; fileRef = FD91C40C1C1EDBAA00971FD8 /* Assets.xcassets */; };
		FD91C4101C1EDBAA00971FD8 /* LaunchScreen.storyboard in Resources */ = {isa = PBXBuildFile; fileRef = FD91C40E1C1EDBAA00971FD8 /* LaunchScreen.storyboard */; };
/* End PBXBuildFile section */

/* Begin PBXFileReference section */
		FD91C4021C1EDBAA00971FD8 /* CalendarTest.app */ = {isa = PBXFileReference; explicitFileType = wrapper.application; includeInIndex = 0; path = CalendarTest.app; sourceTree = BUILT_PRODUCTS_DIR; };
		FD91C4051C1EDBAA00971FD8 /* AppDelegate.swift */ = {isa = PBXFileReference; lastKnownFileType = sourcecode.swift; path = AppDelegate.swift; sourceTree = "<group>"; };
		FD91C4071C1EDBAA00971FD8 /* ViewController.swift */ = {isa = PBXFileReference; lastKnownFileType = sourcecode.swift; path = ViewController.swift; sourceTree = "<group>"; };
		FD91C40A1C1EDBAA00971FD8 /* Base */ = {isa = PBXFileReference; lastKnownFileType = file.storyboard; name = Base; path = Base.lproj/Main.storyboard; sourceTree = "<group>"; };
		FD91C40C1C1EDBAA00971FD8 /* Assets.xcassets */ = {isa = PBXFileReference; lastKnownFileType = folder.assetcatalog; path = Assets.xcassets; sourceTree = "<group>"; };
		FD91C40F1C1EDBAA00971FD8 /* Base */ = {isa = PBXFileReference; lastKnownFileType = file.storyboard; name = Base; path = Base.lproj/LaunchScreen.storyboard; sourceTree = "<group>"; };
		FD91C4111C1EDBAA00971FD8 /* Info.plist */ = {isa = PBXFileReference; lastKnownFileType = text.plist.xml; path = Info.plist; sourceTree = "<group>"; };
/* End PBXFileReference section */

/* Begin PBXFrameworksBuildPhase section */
		FD91C3FF1C1EDBAA00971FD8 /* Frameworks */ = {
			isa = PBXFrameworksBuildPhase;
			buildActionMask = 2147483647;
			files = (
			);
			runOnlyForDeploymentPostprocessing = 0;
		};
/* End PBXFrameworksBuildPhase section */

/* Begin PBXGroup section */
		FD91C3F91C1EDBAA00971FD8 = {
			isa = PBXGroup;
			children = (
				FD91C4041C1EDBAA00971FD8 /* CalendarTest */,
				FD91C4031C1EDBAA00971FD8 /* Products */,
			);
			sourceTree = "<group>";
		};
		FD91C4031C1EDBAA00971FD8 /* Products */ = {
			isa = PBXGroup;
			children = (
				FD91C4021C1EDBAA00971FD8 /* CalendarTest.app */,
			);
			name = Products;
			sourceTree = "<group>";
		};
		FD91C4041C1EDBAA00971FD8 /* CalendarTest */ = {
			isa = PBXGroup;
			children = (
				FD91C4051C1EDBAA00971FD8 /* AppDelegate.swift */,
				FD91C4071C1EDBAA00971FD8 /* ViewController.swift */,
				FD91C4091C1EDBAA00971FD8 /* Main.storyboard */,
				FD91C40C1C1EDBAA00971FD8 /* Assets.xcassets */,
				FD91C40E1C1EDBAA00971FD8 /* LaunchScreen.storyboard */,
				FD91C4111C1EDBAA00971FD8 /* Info.plist */,
			);
			path = CalendarTest;
			sourceTree = "<group>";
		};
/* End PBXGroup section */

/* Begin PBXNativeTarget section */
		FD91C4011C1EDBAA00971FD8 /* CalendarTest */ = {
			isa = PBXNativeTarget;
			buildConfigurationList = FD91C4141C1EDBAA00971FD8 /* Build configuration list for PBXNativeTarget "CalendarTest" */;
			buildPhases = (
				FD91C3FE1C1EDBAA00971FD8 /* Sources */,
				FD91C3FF1C1EDBAA00971FD8 /* Frameworks */,
				FD91C4001C1EDBAA00971FD8 /* Resources */,
			);
			buildRules = (
			);
			dependencies = (
			);
			name = CalendarTest;
			productName = CalendarTest;
			productReference = FD91C4021C1EDBAA00971FD8 /* CalendarTest.app */;
			productType = "com.apple.product-type.application";
		};
/* End PBXNativeTarget section */

/* Begin PBXProject section */
		FD91C3FA1C1EDBAA00971FD8 /* Project object */ = {
			isa = PBXProject;
			attributes = {
				LastSwiftUpdateCheck = 0720;
				LastUpgradeCheck = 0720;
				ORGANIZATIONNAME = "麻生 拓弥";
				TargetAttributes = {
					FD91C4011C1EDBAA00971FD8 = {
						CreatedOnToolsVersion = 7.2;
					};
				};
			};
			buildConfigurationList = FD91C3FD1C1EDBAA00971FD8 /* Build configuration list for PBXProject "CalendarTest" */;
			compatibilityVersion = "Xcode 3.2";
			developmentRegion = English;
			hasScannedForEncodings = 0;
			knownRegions = (
				en,
				Base,
			);
			mainGroup = FD91C3F91C1EDBAA00971FD8;
			productRefGroup = FD91C4031C1EDBAA00971FD8 /* Products */;
			projectDirPath = "";
			projectRoot = "";
			targets = (
				FD91C4011C1EDBAA00971FD8 /* CalendarTest */,
			);
		};
/* End PBXProject section */

/* Begin PBXResourcesBuildPhase section */
		FD91C4001C1EDBAA00971FD8 /* Resources */ = {
			isa = PBXResourcesBuildPhase;
			buildActionMask = 2147483647;
			files = (
				FD91C4101C1EDBAA00971FD8 /* LaunchScreen.storyboard in Resources */,
				FD91C40D1C1EDBAA00971FD8 /* Assets.xcassets in Resources */,
				FD91C40B1C1EDBAA00971FD8 /* Main.storyboard in Resources */,
			);
			runOnlyForDeploymentPostprocessing = 0;
		};
/* End PBXResourcesBuildPhase section */

/* Begin PBXSourcesBuildPhase section */
		FD91C3FE1C1EDBAA00971FD8 /* Sources */ = {
			isa = PBXSourcesBuildPhase;
			buildActionMask = 2147483647;
			files = (
				FD91C4081C1EDBAA00971FD8 /* ViewController.swift in Sources */,
				FD91C4061C1EDBAA00971FD8 /* AppDelegate.swift in Sources */,
			);
			runOnlyForDeploymentPostprocessing = 0;
		};
/* End PBXSourcesBuildPhase section */

/* Begin PBXVariantGroup section */
		FD91C4091C1EDBAA00971FD8 /* Main.storyboard */ = {
			isa = PBXVariantGroup;
			children = (
				FD91C40A1C1EDBAA00971FD8 /* Base */,
			);
			name = Main.storyboard;
			sourceTree = "<group>";
		};
		FD91C40E1C1EDBAA00971FD8 /* LaunchScreen.storyboard */ = {
			isa = PBXVariantGroup;
			children = (
				FD91C40F1C1EDBAA00971FD8 /* Base */,
			);
			name = LaunchScreen.storyboard;
			sourceTree = "<group>";
		};
/* End PBXVariantGroup section */

/* Begin XCBuildConfiguration section */
		FD91C4121C1EDBAA00971FD8 /* Debug */ = {
			isa = XCBuildConfiguration;
			buildSettings = {
				ALWAYS_SEARCH_USER_PATHS = NO;
				CLANG_CXX_LANGUAGE_STANDARD = "gnu++0x";
				CLANG_CXX_LIBRARY = "libc++";
				CLANG_ENABLE_MODULES = YES;
				CLANG_ENABLE_OBJC_ARC = YES;
				CLANG_WARN_BOOL_CONVERSION = YES;
				CLANG_WARN_CONSTANT_CONVERSION = YES;
				CLANG_WARN_DIRECT_OBJC_ISA_USAGE = YES_ERROR;
				CLANG_WARN_EMPTY_BODY = YES;
				CLANG_WARN_ENUM_CONVERSION = YES;
				CLANG_WARN_INT_CONVERSION = YES;
				CLANG_WARN_OBJC_ROOT_CLASS = YES_ERROR;
				CLANG_WARN_UNREACHABLE_CODE = YES;
				CLANG_WARN__DUPLICATE_METHOD_MATCH = YES;
				"CODE_SIGN_IDENTITY[sdk=iphoneos*]" = "iPhone Developer";
				COPY_PHASE_STRIP = NO;
				DEBUG_INFORMATION_FORMAT = dwarf;
				ENABLE_STRICT_OBJC_MSGSEND = YES;
				ENABLE_TESTABILITY = YES;
				GCC_C_LANGUAGE_STANDARD = gnu99;
				GCC_DYNAMIC_NO_PIC = NO;
				GCC_NO_COMMON_BLOCKS = YES;
				GCC_OPTIMIZATION_LEVEL = 0;
				GCC_PREPROCESSOR_DEFINITIONS = (
					"DEBUG=1",
					"$(inherited)",
				);
				GCC_WARN_64_TO_32_BIT_CONVERSION = YES;
				GCC_WARN_ABOUT_RETURN_TYPE = YES_ERROR;
				GCC_WARN_UNDECLARED_SELECTOR = YES;
				GCC_WARN_UNINITIALIZED_AUTOS = YES_AGGRESSIVE;
				GCC_WARN_UNUSED_FUNCTION = YES;
				GCC_WARN_UNUSED_VARIABLE = YES;
				IPHONEOS_DEPLOYMENT_TARGET = 9.2;
				MTL_ENABLE_DEBUG_INFO = YES;
				ONLY_ACTIVE_ARCH = YES;
				SDKROOT = iphoneos;
				SWIFT_OPTIMIZATION_LEVEL = "-Onone";
				TARGETED_DEVICE_FAMILY = "1,2";
			};
			name = Debug;
		};
		FD91C4131C1EDBAA00971FD8 /* Release */ = {
			isa = XCBuildConfiguration;
			buildSettings = {
				ALWAYS_SEARCH_USER_PATHS = NO;
				CLANG_CXX_LANGUAGE_STANDARD = "gnu++0x";
				CLANG_CXX_LIBRARY = "libc++";
				CLANG_ENABLE_MODULES = YES;
				CLANG_ENABLE_OBJC_ARC = YES;
				CLANG_WARN_BOOL_CONVERSION = YES;
				CLANG_WARN_CONSTANT_CONVERSION = YES;
				CLANG_WARN_DIRECT_OBJC_ISA_USAGE = YES_ERROR;
				CLANG_WARN_EMPTY_BODY = YES;
				CLANG_WARN_ENUM_CONVERSION = YES;
				CLANG_WARN_INT_CONVERSION = YES;
				CLANG_WARN_OBJC_ROOT_CLASS = YES_ERROR;
				CLANG_WARN_UNREACHABLE_CODE = YES;
				CLANG_WARN__DUPLICATE_METHOD_MATCH = YES;
				"CODE_SIGN_IDENTITY[sdk=iphoneos*]" = "iPhone Developer";
				COPY_PHASE_STRIP = NO;
				DEBUG_INFORMATION_FORMAT = "dwarf-with-dsym";
				ENABLE_NS_ASSERTIONS = NO;
				ENABLE_STRICT_OBJC_MSGSEND = YES;
				GCC_C_LANGUAGE_STANDARD = gnu99;
				GCC_NO_COMMON_BLOCKS = YES;
				GCC_WARN_64_TO_32_BIT_CONVERSION = YES;
				GCC_WARN_ABOUT_RETURN_TYPE = YES_ERROR;
				GCC_WARN_UNDECLARED_SELECTOR = YES;
				GCC_WARN_UNINITIALIZED_AUTOS = YES_AGGRESSIVE;
				GCC_WARN_UNUSED_FUNCTION = YES;
				GCC_WARN_UNUSED_VARIABLE = YES;
				IPHONEOS_DEPLOYMENT_TARGET = 9.2;
				MTL_ENABLE_DEBUG_INFO = NO;
				SDKROOT = iphoneos;
				TARGETED_DEVICE_FAMILY = "1,2";
				VALIDATE_PRODUCT = YES;
			};
			name = Release;
		};
		FD91C4151C1EDBAA00971FD8 /* Debug */ = {
			isa = XCBuildConfiguration;
			buildSettings = {
				ASSETCATALOG_COMPILER_APPICON_NAME = AppIcon;
				INFOPLIST_FILE = CalendarTest/Info.plist;
				LD_RUNPATH_SEARCH_PATHS = "$(inherited) @executable_path/Frameworks";
				PRODUCT_BUNDLE_IDENTIFIER = com.ASTK.CalendarTest;
				PRODUCT_NAME = "$(TARGET_NAME)";
			};
			name = Debug;
		};
		FD91C4161C1EDBAA00971FD8 /* Release */ = {
			isa = XCBuildConfiguration;
			buildSettings = {
				ASSETCATALOG_COMPILER_APPICON_NAME = AppIcon;
				INFOPLIST_FILE = CalendarTest/Info.plist;
				LD_RUNPATH_SEARCH_PATHS = "$(inherited) @executable_path/Frameworks";
				PRODUCT_BUNDLE_IDENTIFIER = com.ASTK.CalendarTest;
				PRODUCT_NAME = "$(TARGET_NAME)";
			};
			name = Release;
		};
/* End XCBuildConfiguration section */

/* Begin XCConfigurationList section */
		FD91C3FD1C1EDBAA00971FD8 /* Build configuration list for PBXProject "CalendarTest" */ = {
			isa = XCConfigurationList;
			buildConfigurations = (
				FD91C4121C1EDBAA00971FD8 /* Debug */,
				FD91C4131C1EDBAA00971FD8 /* Release */,
			);
			defaultConfigurationIsVisible = 0;
			defaultConfigurationName = Release;
		};
		FD91C4141C1EDBAA00971FD8 /* Build configuration list for PBXNativeTarget "CalendarTest" */ = {
			isa = XCConfigurationList;
			buildConfigurations = (
				FD91C4151C1EDBAA00971FD8 /* Debug */,
				FD91C4161C1EDBAA00971FD8 /* Release */,
			);
			defaultConfigurationIsVisible = 0;
		};
/* End XCConfigurationList section */
	};
	rootObject = FD91C3FA1C1EDBAA00971FD8 /* Project object */;
}
