// !$*UTF8*$!
{
	archiveVersion = 1;
	classes = {
	};
	objectVersion = 46;
	objects = {

/* Begin PBXBuildFile section */
		E9FD8CC10164392DAFC8A15E /* Pods_CalendarTest.framework in Frameworks */ = {isa = PBXBuildFile; fileRef = A60F0BB21AF318A445DCB032 /* Pods_CalendarTest.framework */; };
		FD00D1EF1C24AFA800438CFD /* TopViewController.swift in Sources */ = {isa = PBXBuildFile; fileRef = FD00D1EE1C24AFA800438CFD /* TopViewController.swift */; };
		FD5FD9171C21A66D00815DE1 /* CustomDayButton.swift in Sources */ = {isa = PBXBuildFile; fileRef = FD5FD9161C21A66D00815DE1 /* CustomDayButton.swift */; };
		FD91C4061C1EDBAA00971FD8 /* AppDelegate.swift in Sources */ = {isa = PBXBuildFile; fileRef = FD91C4051C1EDBAA00971FD8 /* AppDelegate.swift */; };
		FD91C4081C1EDBAA00971FD8 /* CalendarViewController.swift in Sources */ = {isa = PBXBuildFile; fileRef = FD91C4071C1EDBAA00971FD8 /* CalendarViewController.swift */; };
		FD91C40B1C1EDBAA00971FD8 /* Main.storyboard in Resources */ = {isa = PBXBuildFile; fileRef = FD91C4091C1EDBAA00971FD8 /* Main.storyboard */; };
		FD91C40D1C1EDBAA00971FD8 /* Assets.xcassets in Resources */ = {isa = PBXBuildFile; fileRef = FD91C40C1C1EDBAA00971FD8 /* Assets.xcassets */; };
		FD91C4101C1EDBAA00971FD8 /* LaunchScreen.storyboard in Resources */ = {isa = PBXBuildFile; fileRef = FD91C40E1C1EDBAA00971FD8 /* LaunchScreen.storyboard */; };
		FD91C4181C1EDE8B00971FD8 /* CalendarDayCell.swift in Sources */ = {isa = PBXBuildFile; fileRef = FD91C4171C1EDE8B00971FD8 /* CalendarDayCell.swift */; };
		FD91C41A1C1EE02800971FD8 /* Util.swift in Sources */ = {isa = PBXBuildFile; fileRef = FD91C4191C1EE02800971FD8 /* Util.swift */; };
		FDE99FDB1C2994630004CD3D /* ViewArticleViewController.swift in Sources */ = {isa = PBXBuildFile; fileRef = FDE99FDA1C2994630004CD3D /* ViewArticleViewController.swift */; };
/* End PBXBuildFile section */

/* Begin PBXFileReference section */
		4A4F629D132C930EE8E6F8FA /* Pods-CalendarTest.release.xcconfig */ = {isa = PBXFileReference; includeInIndex = 1; lastKnownFileType = text.xcconfig; name = "Pods-CalendarTest.release.xcconfig"; path = "Pods/Target Support Files/Pods-CalendarTest/Pods-CalendarTest.release.xcconfig"; sourceTree = "<group>"; };
		A60F0BB21AF318A445DCB032 /* Pods_CalendarTest.framework */ = {isa = PBXFileReference; explicitFileType = wrapper.framework; includeInIndex = 0; path = Pods_CalendarTest.framework; sourceTree = BUILT_PRODUCTS_DIR; };
		BDA187980C0EA2000C08C6D1 /* Pods-CalendarTest.debug.xcconfig */ = {isa = PBXFileReference; includeInIndex = 1; lastKnownFileType = text.xcconfig; name = "Pods-CalendarTest.debug.xcconfig"; path = "Pods/Target Support Files/Pods-CalendarTest/Pods-CalendarTest.debug.xcconfig"; sourceTree = "<group>"; };
		FD00D1EE1C24AFA800438CFD /* TopViewController.swift */ = {isa = PBXFileReference; fileEncoding = 4; lastKnownFileType = sourcecode.swift; path = TopViewController.swift; sourceTree = "<group>"; };
		FD5FD9161C21A66D00815DE1 /* CustomDayButton.swift */ = {isa = PBXFileReference; fileEncoding = 4; lastKnownFileType = sourcecode.swift; path = CustomDayButton.swift; sourceTree = "<group>"; };
		FD91C4021C1EDBAA00971FD8 /* CalendarTest.app */ = {isa = PBXFileReference; explicitFileType = wrapper.application; includeInIndex = 0; path = CalendarTest.app; sourceTree = BUILT_PRODUCTS_DIR; };
		FD91C4051C1EDBAA00971FD8 /* AppDelegate.swift */ = {isa = PBXFileReference; lastKnownFileType = sourcecode.swift; path = AppDelegate.swift; sourceTree = "<group>"; };
		FD91C4071C1EDBAA00971FD8 /* CalendarViewController.swift */ = {isa = PBXFileReference; lastKnownFileType = sourcecode.swift; path = CalendarViewController.swift; sourceTree = "<group>"; };
		FD91C40A1C1EDBAA00971FD8 /* Base */ = {isa = PBXFileReference; lastKnownFileType = file.storyboard; name = Base; path = Base.lproj/Main.storyboard; sourceTree = "<group>"; };
		FD91C40C1C1EDBAA00971FD8 /* Assets.xcassets */ = {isa = PBXFileReference; lastKnownFileType = folder.assetcatalog; path = Assets.xcassets; sourceTree = "<group>"; };
		FD91C40F1C1EDBAA00971FD8 /* Base */ = {isa = PBXFileReference; lastKnownFileType = file.storyboard; name = Base; path = Base.lproj/LaunchScreen.storyboard; sourceTree = "<group>"; };
		FD91C4111C1EDBAA00971FD8 /* Info.plist */ = {isa = PBXFileReference; lastKnownFileType = text.plist.xml; path = Info.plist; sourceTree = "<group>"; };
		FD91C4171C1EDE8B00971FD8 /* CalendarDayCell.swift */ = {isa = PBXFileReference; fileEncoding = 4; lastKnownFileType = sourcecode.swift; path = CalendarDayCell.swift; sourceTree = "<group>"; };
		FD91C4191C1EE02800971FD8 /* Util.swift */ = {isa = PBXFileReference; fileEncoding = 4; lastKnownFileType = sourcecode.swift; path = Util.swift; sourceTree = "<group>"; };
		FDE99FDA1C2994630004CD3D /* ViewArticleViewController.swift */ = {isa = PBXFileReference; fileEncoding = 4; lastKnownFileType = sourcecode.swift; path = ViewArticleViewController.swift; sourceTree = "<group>"; };
/* End PBXFileReference section */

/* Begin PBXFrameworksBuildPhase section */
		FD91C3FF1C1EDBAA00971FD8 /* Frameworks */ = {
			isa = PBXFrameworksBuildPhase;
			buildActionMask = 2147483647;
			files = (
				E9FD8CC10164392DAFC8A15E /* Pods_CalendarTest.framework in Frameworks */,
			);
			runOnlyForDeploymentPostprocessing = 0;
		};
/* End PBXFrameworksBuildPhase section */

/* Begin PBXGroup section */
		C962CCCFC1816ECE78EFCAAB /* Frameworks */ = {
			isa = PBXGroup;
			children = (
				A60F0BB21AF318A445DCB032 /* Pods_CalendarTest.framework */,
			);
			name = Frameworks;
			sourceTree = "<group>";
		};
		F9AE9154DB85C4A8F3590325 /* Pods */ = {
			isa = PBXGroup;
			children = (
				BDA187980C0EA2000C08C6D1 /* Pods-CalendarTest.debug.xcconfig */,
				4A4F629D132C930EE8E6F8FA /* Pods-CalendarTest.release.xcconfig */,
			);
			name = Pods;
			sourceTree = "<group>";
		};
		FD91C3F91C1EDBAA00971FD8 = {
			isa = PBXGroup;
			children = (
				FD91C4041C1EDBAA00971FD8 /* CalendarTest */,
				FD91C4031C1EDBAA00971FD8 /* Products */,
				F9AE9154DB85C4A8F3590325 /* Pods */,
				C962CCCFC1816ECE78EFCAAB /* Frameworks */,
			);
			sourceTree = "<group>";
		};
		FD91C4031C1EDBAA00971FD8 /* Products */ = {
			isa = PBXGroup;
			children = (
				FD91C4021C1EDBAA00971FD8 /* CalendarTest.app */,
			);
			name = Products;
			sourceTree = "<group>";
		};
		FD91C4041C1EDBAA00971FD8 /* CalendarTest */ = {
			isa = PBXGroup;
			children = (
				FD91C4051C1EDBAA00971FD8 /* AppDelegate.swift */,
				FD00D1EE1C24AFA800438CFD /* TopViewController.swift */,
				FD91C4071C1EDBAA00971FD8 /* CalendarViewController.swift */,
				FDE99FDA1C2994630004CD3D /* ViewArticleViewController.swift */,
				FD5FD9161C21A66D00815DE1 /* CustomDayButton.swift */,
				FD91C4191C1EE02800971FD8 /* Util.swift */,
				FD91C4171C1EDE8B00971FD8 /* CalendarDayCell.swift */,
				FD91C4091C1EDBAA00971FD8 /* Main.storyboard */,
				FD91C40C1C1EDBAA00971FD8 /* Assets.xcassets */,
				FD91C40E1C1EDBAA00971FD8 /* LaunchScreen.storyboard */,
				FD91C4111C1EDBAA00971FD8 /* Info.plist */,
			);
			path = CalendarTest;
			sourceTree = "<group>";
		};
/* End PBXGroup section */

/* Begin PBXNativeTarget section */
		FD91C4011C1EDBAA00971FD8 /* CalendarTest */ = {
			isa = PBXNativeTarget;
			buildConfigurationList = FD91C4141C1EDBAA00971FD8 /* Build configuration list for PBXNativeTarget "CalendarTest" */;
			buildPhases = (
				8B79344E2443FD7A2771A410 /* Check Pods Manifest.lock */,
				FD91C3FE1C1EDBAA00971FD8 /* Sources */,
				FD91C3FF1C1EDBAA00971FD8 /* Frameworks */,
				FD91C4001C1EDBAA00971FD8 /* Resources */,
				E22BF3C82DC16627AE3F28CE /* Embed Pods Frameworks */,
				6B85E3B34E3FA77C6F49A233 /* Copy Pods Resources */,
			);
			buildRules = (
			);
			dependencies = (
			);
			name = CalendarTest;
			productName = CalendarTest;
			productReference = FD91C4021C1EDBAA00971FD8 /* CalendarTest.app */;
			productType = "com.apple.product-type.application";
		};
/* End PBXNativeTarget section */

/* Begin PBXProject section */
		FD91C3FA1C1EDBAA00971FD8 /* Project object */ = {
			isa = PBXProject;
			attributes = {
				LastSwiftUpdateCheck = 0720;
				LastUpgradeCheck = 0720;
				ORGANIZATIONNAME = "麻生 拓弥";
				TargetAttributes = {
					FD91C4011C1EDBAA00971FD8 = {
						CreatedOnToolsVersion = 7.2;
					};
				};
			};
			buildConfigurationList = FD91C3FD1C1EDBAA00971FD8 /* Build configuration list for PBXProject "CalendarTest" */;
			compatibilityVersion = "Xcode 3.2";
			developmentRegion = English;
			hasScannedForEncodings = 0;
			knownRegions = (
				en,
				Base,
			);
			mainGroup = FD91C3F91C1EDBAA00971FD8;
			productRefGroup = FD91C4031C1EDBAA00971FD8 /* Products */;
			projectDirPath = "";
			projectRoot = "";
			targets = (
				FD91C4011C1EDBAA00971FD8 /* CalendarTest */,
			);
		};
/* End PBXProject section */

/* Begin PBXResourcesBuildPhase section */
		FD91C4001C1EDBAA00971FD8 /* Resources */ = {
			isa = PBXResourcesBuildPhase;
			buildActionMask = 2147483647;
			files = (
				FD91C4101C1EDBAA00971FD8 /* LaunchScreen.storyboard in Resources */,
				FD91C40D1C1EDBAA00971FD8 /* Assets.xcassets in Resources */,
				FD91C40B1C1EDBAA00971FD8 /* Main.storyboard in Resources */,
			);
			runOnlyForDeploymentPostprocessing = 0;
		};
/* End PBXResourcesBuildPhase section */

/* Begin PBXShellScriptBuildPhase section */
		6B85E3B34E3FA77C6F49A233 /* Copy Pods Resources */ = {
			isa = PBXShellScriptBuildPhase;
			buildActionMask = 2147483647;
			files = (
			);
			inputPaths = (
			);
			name = "Copy Pods Resources";
			outputPaths = (
			);
			runOnlyForDeploymentPostprocessing = 0;
			shellPath = /bin/sh;
			shellScript = "\"${SRCROOT}/Pods/Target Support Files/Pods-CalendarTest/Pods-CalendarTest-resources.sh\"\n";
			showEnvVarsInLog = 0;
		};
		8B79344E2443FD7A2771A410 /* Check Pods Manifest.lock */ = {
			isa = PBXShellScriptBuildPhase;
			buildActionMask = 2147483647;
			files = (
			);
			inputPaths = (
			);
			name = "Check Pods Manifest.lock";
			outputPaths = (
			);
			runOnlyForDeploymentPostprocessing = 0;
			shellPath = /bin/sh;
			shellScript = "diff \"${PODS_ROOT}/../Podfile.lock\" \"${PODS_ROOT}/Manifest.lock\" > /dev/null\nif [[ $? != 0 ]] ; then\n    cat << EOM\nerror: The sandbox is not in sync with the Podfile.lock. Run 'pod install' or update your CocoaPods installation.\nEOM\n    exit 1\nfi\n";
			showEnvVarsInLog = 0;
		};
		E22BF3C82DC16627AE3F28CE /* Embed Pods Frameworks */ = {
			isa = PBXShellScriptBuildPhase;
			buildActionMask = 2147483647;
			files = (
			);
			inputPaths = (
			);
			name = "Embed Pods Frameworks";
			outputPaths = (
			);
			runOnlyForDeploymentPostprocessing = 0;
			shellPath = /bin/sh;
			shellScript = "\"${SRCROOT}/Pods/Target Support Files/Pods-CalendarTest/Pods-CalendarTest-frameworks.sh\"\n";
			showEnvVarsInLog = 0;
		};
/* End PBXShellScriptBuildPhase section */

/* Begin PBXSourcesBuildPhase section */
		FD91C3FE1C1EDBAA00971FD8 /* Sources */ = {
			isa = PBXSourcesBuildPhase;
			buildActionMask = 2147483647;
			files = (
				FDE99FDB1C2994630004CD3D /* ViewArticleViewController.swift in Sources */,
				FD00D1EF1C24AFA800438CFD /* TopViewController.swift in Sources */,
				FD5FD9171C21A66D00815DE1 /* CustomDayButton.swift in Sources */,
				FD91C4081C1EDBAA00971FD8 /* CalendarViewController.swift in Sources */,
				FD91C4061C1EDBAA00971FD8 /* AppDelegate.swift in Sources */,
				FD91C4181C1EDE8B00971FD8 /* CalendarDayCell.swift in Sources */,
				FD91C41A1C1EE02800971FD8 /* Util.swift in Sources */,
			);
			runOnlyForDeploymentPostprocessing = 0;
		};
/* End PBXSourcesBuildPhase section */

/* Begin PBXVariantGroup section */
		FD91C4091C1EDBAA00971FD8 /* Main.storyboard */ = {
			isa = PBXVariantGroup;
			children = (
				FD91C40A1C1EDBAA00971FD8 /* Base */,
			);
			name = Main.storyboard;
			sourceTree = "<group>";
		};
		FD91C40E1C1EDBAA00971FD8 /* LaunchScreen.storyboard */ = {
			isa = PBXVariantGroup;
			children = (
				FD91C40F1C1EDBAA00971FD8 /* Base */,
			);
			name = LaunchScreen.storyboard;
			sourceTree = "<group>";
		};
/* End PBXVariantGroup section */

/* Begin XCBuildConfiguration section */
		FD91C4121C1EDBAA00971FD8 /* Debug */ = {
			isa = XCBuildConfiguration;
			buildSettings = {
				ALWAYS_SEARCH_USER_PATHS = NO;
				CLANG_CXX_LANGUAGE_STANDARD = "gnu++0x";
				CLANG_CXX_LIBRARY = "libc++";
				CLANG_ENABLE_MODULES = YES;
				CLANG_ENABLE_OBJC_ARC = YES;
				CLANG_WARN_BOOL_CONVERSION = YES;
				CLANG_WARN_CONSTANT_CONVERSION = YES;
				CLANG_WARN_DIRECT_OBJC_ISA_USAGE = YES_ERROR;
				CLANG_WARN_EMPTY_BODY = YES;
				CLANG_WARN_ENUM_CONVERSION = YES;
				CLANG_WARN_INT_CONVERSION = YES;
				CLANG_WARN_OBJC_ROOT_CLASS = YES_ERROR;
				CLANG_WARN_UNREACHABLE_CODE = YES;
				CLANG_WARN__DUPLICATE_METHOD_MATCH = YES;
				"CODE_SIGN_IDENTITY[sdk=iphoneos*]" = "iPhone Developer";
				COPY_PHASE_STRIP = NO;
				DEBUG_INFORMATION_FORMAT = dwarf;
				ENABLE_STRICT_OBJC_MSGSEND = YES;
				ENABLE_TESTABILITY = YES;
				GCC_C_LANGUAGE_STANDARD = gnu99;
				GCC_DYNAMIC_NO_PIC = NO;
				GCC_NO_COMMON_BLOCKS = YES;
				GCC_OPTIMIZATION_LEVEL = 0;
				GCC_PREPROCESSOR_DEFINITIONS = (
					"DEBUG=1",
					"$(inherited)",
				);
				GCC_WARN_64_TO_32_BIT_CONVERSION = YES;
				GCC_WARN_ABOUT_RETURN_TYPE = YES_ERROR;
				GCC_WARN_UNDECLARED_SELECTOR = YES;
				GCC_WARN_UNINITIALIZED_AUTOS = YES_AGGRESSIVE;
				GCC_WARN_UNUSED_FUNCTION = YES;
				GCC_WARN_UNUSED_VARIABLE = YES;
				IPHONEOS_DEPLOYMENT_TARGET = 9.2;
				MTL_ENABLE_DEBUG_INFO = YES;
				ONLY_ACTIVE_ARCH = YES;
				SDKROOT = iphoneos;
				SWIFT_OPTIMIZATION_LEVEL = "-Onone";
				TARGETED_DEVICE_FAMILY = "1,2";
			};
			name = Debug;
		};
		FD91C4131C1EDBAA00971FD8 /* Release */ = {
			isa = XCBuildConfiguration;
			buildSettings = {
				ALWAYS_SEARCH_USER_PATHS = NO;
				CLANG_CXX_LANGUAGE_STANDARD = "gnu++0x";
				CLANG_CXX_LIBRARY = "libc++";
				CLANG_ENABLE_MODULES = YES;
				CLANG_ENABLE_OBJC_ARC = YES;
				CLANG_WARN_BOOL_CONVERSION = YES;
				CLANG_WARN_CONSTANT_CONVERSION = YES;
				CLANG_WARN_DIRECT_OBJC_ISA_USAGE = YES_ERROR;
				CLANG_WARN_EMPTY_BODY = YES;
				CLANG_WARN_ENUM_CONVERSION = YES;
				CLANG_WARN_INT_CONVERSION = YES;
				CLANG_WARN_OBJC_ROOT_CLASS = YES_ERROR;
				CLANG_WARN_UNREACHABLE_CODE = YES;
				CLANG_WARN__DUPLICATE_METHOD_MATCH = YES;
				"CODE_SIGN_IDENTITY[sdk=iphoneos*]" = "iPhone Developer";
				COPY_PHASE_STRIP = NO;
				DEBUG_INFORMATION_FORMAT = "dwarf-with-dsym";
				ENABLE_NS_ASSERTIONS = NO;
				ENABLE_STRICT_OBJC_MSGSEND = YES;
				GCC_C_LANGUAGE_STANDARD = gnu99;
				GCC_NO_COMMON_BLOCKS = YES;
				GCC_WARN_64_TO_32_BIT_CONVERSION = YES;
				GCC_WARN_ABOUT_RETURN_TYPE = YES_ERROR;
				GCC_WARN_UNDECLARED_SELECTOR = YES;
				GCC_WARN_UNINITIALIZED_AUTOS = YES_AGGRESSIVE;
				GCC_WARN_UNUSED_FUNCTION = YES;
				GCC_WARN_UNUSED_VARIABLE = YES;
				IPHONEOS_DEPLOYMENT_TARGET = 9.2;
				MTL_ENABLE_DEBUG_INFO = NO;
				SDKROOT = iphoneos;
				TARGETED_DEVICE_FAMILY = "1,2";
				VALIDATE_PRODUCT = YES;
			};
			name = Release;
		};
		FD91C4151C1EDBAA00971FD8 /* Debug */ = {
			isa = XCBuildConfiguration;
			baseConfigurationReference = BDA187980C0EA2000C08C6D1 /* Pods-CalendarTest.debug.xcconfig */;
			buildSettings = {
				ASSETCATALOG_COMPILER_APPICON_NAME = AppIcon;
				INFOPLIST_FILE = CalendarTest/Info.plist;
				IPHONEOS_DEPLOYMENT_TARGET = 8.0;
				LD_RUNPATH_SEARCH_PATHS = "$(inherited) @executable_path/Frameworks";
				PRODUCT_BUNDLE_IDENTIFIER = com.ASTK.CalendarTest;
				PRODUCT_NAME = "$(TARGET_NAME)";
			};
			name = Debug;
		};
		FD91C4161C1EDBAA00971FD8 /* Release */ = {
			isa = XCBuildConfiguration;
			baseConfigurationReference = 4A4F629D132C930EE8E6F8FA /* Pods-CalendarTest.release.xcconfig */;
			buildSettings = {
				ASSETCATALOG_COMPILER_APPICON_NAME = AppIcon;
				INFOPLIST_FILE = CalendarTest/Info.plist;
				IPHONEOS_DEPLOYMENT_TARGET = 8.0;
				LD_RUNPATH_SEARCH_PATHS = "$(inherited) @executable_path/Frameworks";
				PRODUCT_BUNDLE_IDENTIFIER = com.ASTK.CalendarTest;
				PRODUCT_NAME = "$(TARGET_NAME)";
			};
			name = Release;
		};
/* End XCBuildConfiguration section */

/* Begin XCConfigurationList section */
		FD91C3FD1C1EDBAA00971FD8 /* Build configuration list for PBXProject "CalendarTest" */ = {
			isa = XCConfigurationList;
			buildConfigurations = (
				FD91C4121C1EDBAA00971FD8 /* Debug */,
				FD91C4131C1EDBAA00971FD8 /* Release */,
			);
			defaultConfigurationIsVisible = 0;
			defaultConfigurationName = Release;
		};
		FD91C4141C1EDBAA00971FD8 /* Build configuration list for PBXNativeTarget "CalendarTest" */ = {
			isa = XCConfigurationList;
			buildConfigurations = (
				FD91C4151C1EDBAA00971FD8 /* Debug */,
				FD91C4161C1EDBAA00971FD8 /* Release */,
			);
			defaultConfigurationIsVisible = 0;
			defaultConfigurationName = Release;
		};
/* End XCConfigurationList section */
	};
	rootObject = FD91C3FA1C1EDBAA00971FD8 /* Project object */;
}
